<?xml version="1.0" encoding="utf-8"?>
<Project ToolsVersion="4.0" xmlns="http://schemas.microsoft.com/developer/msbuild/2003">
  <ItemGroup>
    <Filter Include="源文件">
      <UniqueIdentifier>{4FC737F1-C7A5-4376-A066-2A32D752A2FF}</UniqueIdentifier>
      <Extensions>cpp;c;cc;cxx;c++;cppm;ixx;def;odl;idl;hpj;bat;asm;asmx</Extensions>
    </Filter>
    <Filter Include="头文件">
      <UniqueIdentifier>{93995380-89BD-4b04-88EB-625FBE52EBFB}</UniqueIdentifier>
      <Extensions>h;hh;hpp;hxx;h++;hm;inl;inc;ipp;xsd</Extensions>
    </Filter>
    <Filter Include="资源文件">
      <UniqueIdentifier>{67DA6AB6-F800-4c08-8B7A-83BB121AAD01}</UniqueIdentifier>
      <Extensions>rc;ico;cur;bmp;dlg;rc2;rct;bin;rgs;gif;jpg;jpeg;jpe;resx;tiff;tif;png;wav;mfcribbon-ms</Extensions>
    </Filter>
    <Filter Include="imgui-1.83">
      <UniqueIdentifier>{e505cccc-c3e6-4f0e-bfb8-fdebe52f7b10}</UniqueIdentifier>
    </Filter>
    <Filter Include="imgui-1.83\backends">
      <UniqueIdentifier>{7cf17ac3-3bc4-4004-90f3-f9271bbc4f25}</UniqueIdentifier>
    </Filter>
    <Filter Include="Imgui拓展">
      <UniqueIdentifier>{0aa963bf-8d35-4b8e-ade9-8fd998ecbd8f}</UniqueIdentifier>
    </Filter>
  </ItemGroup>
  <ItemGroup>
    <ClInclude Include="main.h">
      <Filter>头文件</Filter>
    </ClInclude>
    <ClInclude Include="helper.h">
      <Filter>头文件</Filter>
    </ClInclude>
    <ClInclude Include="imgui-1.83\imconfig.h">
      <Filter>imgui-1.83</Filter>
    </ClInclude>
    <ClInclude Include="imgui-1.83\imgui.h">
      <Filter>imgui-1.83</Filter>
    </ClInclude>
    <ClInclude Include="imgui-1.83\imgui_internal.h">
      <Filter>imgui-1.83</Filter>
    </ClInclude>
    <ClInclude Include="imgui-1.83\backends\imgui_impl_dx9.h">
      <Filter>imgui-1.83\backends</Filter>
    </ClInclude>
    <ClInclude Include="imgui-1.83\backends\imgui_impl_win32.h">
      <Filter>imgui-1.83\backends</Filter>
    </ClInclude>
    <ClInclude Include="imHotKey.h">
      <Filter>Imgui拓展</Filter>
    </ClInclude>
  </ItemGroup>
  <ItemGroup>
    <ClCompile Include="main.cpp">
      <Filter>源文件</Filter>
    </ClCompile>
    <ClCompile Include="imgui-1.83\imgui.cpp">
      <Filter>imgui-1.83</Filter>
    </ClCompile>
    <ClCompile Include="imgui-1.83\imgui_demo.cpp">
      <Filter>imgui-1.83</Filter>
    </ClCompile>
    <ClCompile Include="imgui-1.83\imgui_draw.cpp">
      <Filter>imgui-1.83</Filter>
    </ClCompile>
    <ClCompile Include="imgui-1.83\imgui_tables.cpp">
      <Filter>imgui-1.83</Filter>
    </ClCompile>
    <ClCompile Include="imgui-1.83\imgui_widgets.cpp">
      <Filter>imgui-1.83</Filter>
    </ClCompile>
    <ClCompile Include="imgui-1.83\backends\imgui_impl_dx9.cpp">
      <Filter>imgui-1.83\backends</Filter>
    </ClCompile>
    <ClCompile Include="imgui-1.83\backends\imgui_impl_win32.cpp">
      <Filter>imgui-1.83\backends</Filter>
    </ClCompile>
  </ItemGroup>
</Project>